// !$*UTF8*$!
{
	archiveVersion = 1;
	classes = {
	};
	objectVersion = 55;
	objects = {

/* Begin PBXBuildFile section */
		4D51A2BC27B132B900C3F300 /* GoogleService-Info.plist in Resources */ = {isa = PBXBuildFile; fileRef = 4D51A2BB27B132B900C3F300 /* GoogleService-Info.plist */; };
		4D700E1627CE0E43002B0EC5 /* LogInViewController.swift in Sources */ = {isa = PBXBuildFile; fileRef = 4D700E1527CE0E43002B0EC5 /* LogInViewController.swift */; };
		4D700E1A27CE1C18002B0EC5 /* HomePageViewController.swift in Sources */ = {isa = PBXBuildFile; fileRef = 4D700E1927CE1C18002B0EC5 /* HomePageViewController.swift */; };
		4DC0E30627BC136100560589 /* FirebaseAnalytics in Frameworks */ = {isa = PBXBuildFile; productRef = 4DC0E30527BC136100560589 /* FirebaseAnalytics */; };
		4DC0E30827BC136100560589 /* FirebaseAnalyticsSwift-Beta in Frameworks */ = {isa = PBXBuildFile; productRef = 4DC0E30727BC136100560589 /* FirebaseAnalyticsSwift-Beta */; };
		4DC0E30A27BC136100560589 /* FirebaseAnalyticsWithoutAdIdSupport in Frameworks */ = {isa = PBXBuildFile; productRef = 4DC0E30927BC136100560589 /* FirebaseAnalyticsWithoutAdIdSupport */; };
		4DC0E30C27BC136100560589 /* FirebaseAppCheck in Frameworks */ = {isa = PBXBuildFile; productRef = 4DC0E30B27BC136100560589 /* FirebaseAppCheck */; };
		4DC0E30E27BC136100560589 /* FirebaseAppDistribution-Beta in Frameworks */ = {isa = PBXBuildFile; productRef = 4DC0E30D27BC136100560589 /* FirebaseAppDistribution-Beta */; };
		4DC0E31027BC136100560589 /* FirebaseAuth in Frameworks */ = {isa = PBXBuildFile; productRef = 4DC0E30F27BC136100560589 /* FirebaseAuth */; };
		4DC0E31227BC136100560589 /* FirebaseAuthCombine-Community in Frameworks */ = {isa = PBXBuildFile; productRef = 4DC0E31127BC136100560589 /* FirebaseAuthCombine-Community */; };
		4DC0E31427BC136100560589 /* FirebaseDatabase in Frameworks */ = {isa = PBXBuildFile; productRef = 4DC0E31327BC136100560589 /* FirebaseDatabase */; };
		4DC0E31627BC136100560589 /* FirebaseFirestore in Frameworks */ = {isa = PBXBuildFile; productRef = 4DC0E31527BC136100560589 /* FirebaseFirestore */; };
		4DC0E31827BC136100560589 /* FirebaseFirestoreCombine-Community in Frameworks */ = {isa = PBXBuildFile; productRef = 4DC0E31727BC136100560589 /* FirebaseFirestoreCombine-Community */; };
		4DC0E31A27BC136100560589 /* FirebaseFirestoreSwift-Beta in Frameworks */ = {isa = PBXBuildFile; productRef = 4DC0E31927BC136100560589 /* FirebaseFirestoreSwift-Beta */; };
		4DC0E31C27BC136100560589 /* FirebaseFunctionsSwift-Beta in Frameworks */ = {isa = PBXBuildFile; productRef = 4DC0E31B27BC136100560589 /* FirebaseFunctionsSwift-Beta */; };
		4DC0E31E27BC136100560589 /* FirebaseStorage in Frameworks */ = {isa = PBXBuildFile; productRef = 4DC0E31D27BC136100560589 /* FirebaseStorage */; };
		4DC0E32027BFDBA400560589 /* homepageViewController.swift in Sources */ = {isa = PBXBuildFile; fileRef = 4DC0E31F27BFDBA400560589 /* homepageViewController.swift */; };
		4DC0E32327CD2D0D00560589 /* FlexibleSteppedProgressBar in Frameworks */ = {isa = PBXBuildFile; productRef = 4DC0E32227CD2D0D00560589 /* FlexibleSteppedProgressBar */; };
		4DCEDC6D27B386D300026D14 /* StartScreenViewController.swift in Sources */ = {isa = PBXBuildFile; fileRef = 4DCEDC6C27B386D300026D14 /* StartScreenViewController.swift */; };
		4DCEDC6F27B4CFC900026D14 /* SignUp1ViewController.swift in Sources */ = {isa = PBXBuildFile; fileRef = 4DCEDC6E27B4CFC900026D14 /* SignUp1ViewController.swift */; };
		4DCEDC7127B62B0400026D14 /* SignUp2ViewController.swift in Sources */ = {isa = PBXBuildFile; fileRef = 4DCEDC7027B62B0400026D14 /* SignUp2ViewController.swift */; };
		4DCEDC7327B6308E00026D14 /* SignUp3ViewController.swift in Sources */ = {isa = PBXBuildFile; fileRef = 4DCEDC7227B6308E00026D14 /* SignUp3ViewController.swift */; };
		4DCEDC7527B630AE00026D14 /* SignUp4ViewController.swift in Sources */ = {isa = PBXBuildFile; fileRef = 4DCEDC7427B630AE00026D14 /* SignUp4ViewController.swift */; };
		56290D28279E088F00F3AC5F /* AppDelegate.swift in Sources */ = {isa = PBXBuildFile; fileRef = 56290D27279E088F00F3AC5F /* AppDelegate.swift */; };
		56290D2A279E088F00F3AC5F /* SceneDelegate.swift in Sources */ = {isa = PBXBuildFile; fileRef = 56290D29279E088F00F3AC5F /* SceneDelegate.swift */; };
		56290D2C279E088F00F3AC5F /* ViewController.swift in Sources */ = {isa = PBXBuildFile; fileRef = 56290D2B279E088F00F3AC5F /* ViewController.swift */; };
		56290D2F279E088F00F3AC5F /* Main.storyboard in Resources */ = {isa = PBXBuildFile; fileRef = 56290D2D279E088F00F3AC5F /* Main.storyboard */; };
		56290D31279E089000F3AC5F /* Assets.xcassets in Resources */ = {isa = PBXBuildFile; fileRef = 56290D30279E089000F3AC5F /* Assets.xcassets */; };
		56290D34279E089000F3AC5F /* LaunchScreen.storyboard in Resources */ = {isa = PBXBuildFile; fileRef = 56290D32279E089000F3AC5F /* LaunchScreen.storyboard */; };
		56290D3F279E089100F3AC5F /* BananTests.swift in Sources */ = {isa = PBXBuildFile; fileRef = 56290D3E279E089100F3AC5F /* BananTests.swift */; };
		56290D49279E089100F3AC5F /* BananUITests.swift in Sources */ = {isa = PBXBuildFile; fileRef = 56290D48279E089100F3AC5F /* BananUITests.swift */; };
		56290D4B279E089100F3AC5F /* BananUITestsLaunchTests.swift in Sources */ = {isa = PBXBuildFile; fileRef = 56290D4A279E089100F3AC5F /* BananUITestsLaunchTests.swift */; };
		56290E8E279F231100F3AC5F /* AssetsLibrary.framework in Frameworks */ = {isa = PBXBuildFile; fileRef = 56290E8D279F231100F3AC5F /* AssetsLibrary.framework */; };
		56290E90279F234A00F3AC5F /* CoreGraphics.framework in Frameworks */ = {isa = PBXBuildFile; fileRef = 56290E8F279F234A00F3AC5F /* CoreGraphics.framework */; };
		56290E92279F235800F3AC5F /* CoreMedia.framework in Frameworks */ = {isa = PBXBuildFile; fileRef = 56290E91279F235800F3AC5F /* CoreMedia.framework */; };
		56290E94279F23A800F3AC5F /* CoreFoundation.framework in Frameworks */ = {isa = PBXBuildFile; fileRef = 56290E93279F23A800F3AC5F /* CoreFoundation.framework */; };
		56290E96279F23AF00F3AC5F /* Accelerate.framework in Frameworks */ = {isa = PBXBuildFile; fileRef = 56290E95279F23AF00F3AC5F /* Accelerate.framework */; };
		56290E9C279F786700F3AC5F /* opencv2.framework in Frameworks */ = {isa = PBXBuildFile; fileRef = 56290E9B279F786700F3AC5F /* opencv2.framework */; };
		56290EA0279F7C8200F3AC5F /* OpenCVWrapper.mm in Sources */ = {isa = PBXBuildFile; fileRef = 56290E9F279F7C8200F3AC5F /* OpenCVWrapper.mm */; };
		56290EB527A1C09000F3AC5F /* ProcessImageController.swift in Sources */ = {isa = PBXBuildFile; fileRef = 56290EB427A1C09000F3AC5F /* ProcessImageController.swift */; };
		56290EB827A1FF5E00F3AC5F /* AVKit.framework in Frameworks */ = {isa = PBXBuildFile; fileRef = 56290EB727A1FF5E00F3AC5F /* AVKit.framework */; };
		56F856B227DCC39800A8C6A8 /* Letters2ViewController.swift in Sources */ = {isa = PBXBuildFile; fileRef = 56F856B127DCC39700A8C6A8 /* Letters2ViewController.swift */; };
		56F856B527DD2AE900A8C6A8 /* Extensions.swift in Sources */ = {isa = PBXBuildFile; fileRef = 56F856B427DD2AE900A8C6A8 /* Extensions.swift */; };
		56F856B827DE2B6E00A8C6A8 /* Letters4ViewController.swift in Sources */ = {isa = PBXBuildFile; fileRef = 56F856B727DE2B6C00A8C6A8 /* Letters4ViewController.swift */; };
		56F856BA27DE38C600A8C6A8 /* Letters3ViewController.swift in Sources */ = {isa = PBXBuildFile; fileRef = 56F856B927DE38C600A8C6A8 /* Letters3ViewController.swift */; };
		56F91E5F27D6A54300C1E4A9 /* LevelsViewController.swift in Sources */ = {isa = PBXBuildFile; fileRef = 56F91E5E27D6A54200C1E4A9 /* LevelsViewController.swift */; };
		71CD8F8627DFE6270049062B /* WordViewController.swift in Sources */ = {isa = PBXBuildFile; fileRef = 71CD8F8527DFE6270049062B /* WordViewController.swift */; };
		71CD8F8827E19E4A0049062B /* CustomAlertView.xib in Resources */ = {isa = PBXBuildFile; fileRef = 71CD8F8727E19E480049062B /* CustomAlertView.xib */; };
		71CD8F8A27E251710049062B /* CustomAlertViewController.swift in Sources */ = {isa = PBXBuildFile; fileRef = 71CD8F8927E251710049062B /* CustomAlertViewController.swift */; };
/* End PBXBuildFile section */

/* Begin PBXContainerItemProxy section */
		56290D3B279E089100F3AC5F /* PBXContainerItemProxy */ = {
			isa = PBXContainerItemProxy;
			containerPortal = 56290D1C279E088F00F3AC5F /* Project object */;
			proxyType = 1;
			remoteGlobalIDString = 56290D23279E088F00F3AC5F;
			remoteInfo = Banan;
		};
		56290D45279E089100F3AC5F /* PBXContainerItemProxy */ = {
			isa = PBXContainerItemProxy;
			containerPortal = 56290D1C279E088F00F3AC5F /* Project object */;
			proxyType = 1;
			remoteGlobalIDString = 56290D23279E088F00F3AC5F;
			remoteInfo = Banan;
		};
/* End PBXContainerItemProxy section */

/* Begin PBXFileReference section */
		4D51A2BB27B132B900C3F300 /* GoogleService-Info.plist */ = {isa = PBXFileReference; fileEncoding = 4; lastKnownFileType = text.plist.xml; path = "GoogleService-Info.plist"; sourceTree = "<group>"; };
		4D700E1527CE0E43002B0EC5 /* LogInViewController.swift */ = {isa = PBXFileReference; lastKnownFileType = sourcecode.swift; path = LogInViewController.swift; sourceTree = "<group>"; };
		4D700E1927CE1C18002B0EC5 /* HomePageViewController.swift */ = {isa = PBXFileReference; lastKnownFileType = sourcecode.swift; name = HomePageViewController.swift; path = Controllers/HomePageViewController.swift; sourceTree = "<group>"; };
		4DC0E31F27BFDBA400560589 /* homepageViewController.swift */ = {isa = PBXFileReference; lastKnownFileType = sourcecode.swift; path = homepageViewController.swift; sourceTree = "<group>"; };
		4DCEDC6C27B386D300026D14 /* StartScreenViewController.swift */ = {isa = PBXFileReference; lastKnownFileType = sourcecode.swift; path = StartScreenViewController.swift; sourceTree = "<group>"; };
		4DCEDC6E27B4CFC900026D14 /* SignUp1ViewController.swift */ = {isa = PBXFileReference; lastKnownFileType = sourcecode.swift; path = SignUp1ViewController.swift; sourceTree = "<group>"; };
		4DCEDC7027B62B0400026D14 /* SignUp2ViewController.swift */ = {isa = PBXFileReference; lastKnownFileType = sourcecode.swift; path = SignUp2ViewController.swift; sourceTree = "<group>"; };
		4DCEDC7227B6308E00026D14 /* SignUp3ViewController.swift */ = {isa = PBXFileReference; lastKnownFileType = sourcecode.swift; path = SignUp3ViewController.swift; sourceTree = "<group>"; };
		4DCEDC7427B630AE00026D14 /* SignUp4ViewController.swift */ = {isa = PBXFileReference; lastKnownFileType = sourcecode.swift; path = SignUp4ViewController.swift; sourceTree = "<group>"; };
		56290D24279E088F00F3AC5F /* Banan.app */ = {isa = PBXFileReference; explicitFileType = wrapper.application; includeInIndex = 0; path = Banan.app; sourceTree = BUILT_PRODUCTS_DIR; };
		56290D27279E088F00F3AC5F /* AppDelegate.swift */ = {isa = PBXFileReference; lastKnownFileType = sourcecode.swift; path = AppDelegate.swift; sourceTree = "<group>"; };
		56290D29279E088F00F3AC5F /* SceneDelegate.swift */ = {isa = PBXFileReference; lastKnownFileType = sourcecode.swift; path = SceneDelegate.swift; sourceTree = "<group>"; };
		56290D2B279E088F00F3AC5F /* ViewController.swift */ = {isa = PBXFileReference; lastKnownFileType = sourcecode.swift; path = ViewController.swift; sourceTree = "<group>"; };
		56290D2E279E088F00F3AC5F /* Base */ = {isa = PBXFileReference; lastKnownFileType = file.storyboard; name = Base; path = Base.lproj/Main.storyboard; sourceTree = "<group>"; };
		56290D30279E089000F3AC5F /* Assets.xcassets */ = {isa = PBXFileReference; lastKnownFileType = folder.assetcatalog; path = Assets.xcassets; sourceTree = "<group>"; };
		56290D33279E089000F3AC5F /* Base */ = {isa = PBXFileReference; lastKnownFileType = file.storyboard; name = Base; path = Base.lproj/LaunchScreen.storyboard; sourceTree = "<group>"; };
		56290D35279E089000F3AC5F /* Info.plist */ = {isa = PBXFileReference; lastKnownFileType = text.plist.xml; path = Info.plist; sourceTree = "<group>"; };
		56290D3A279E089100F3AC5F /* BananTests.xctest */ = {isa = PBXFileReference; explicitFileType = wrapper.cfbundle; includeInIndex = 0; path = BananTests.xctest; sourceTree = BUILT_PRODUCTS_DIR; };
		56290D3E279E089100F3AC5F /* BananTests.swift */ = {isa = PBXFileReference; lastKnownFileType = sourcecode.swift; path = BananTests.swift; sourceTree = "<group>"; };
		56290D44279E089100F3AC5F /* BananUITests.xctest */ = {isa = PBXFileReference; explicitFileType = wrapper.cfbundle; includeInIndex = 0; path = BananUITests.xctest; sourceTree = BUILT_PRODUCTS_DIR; };
		56290D48279E089100F3AC5F /* BananUITests.swift */ = {isa = PBXFileReference; lastKnownFileType = sourcecode.swift; path = BananUITests.swift; sourceTree = "<group>"; };
		56290D4A279E089100F3AC5F /* BananUITestsLaunchTests.swift */ = {isa = PBXFileReference; lastKnownFileType = sourcecode.swift; path = BananUITestsLaunchTests.swift; sourceTree = "<group>"; };
		56290E8D279F231100F3AC5F /* AssetsLibrary.framework */ = {isa = PBXFileReference; lastKnownFileType = wrapper.framework; name = AssetsLibrary.framework; path = System/Library/Frameworks/AssetsLibrary.framework; sourceTree = SDKROOT; };
		56290E8F279F234A00F3AC5F /* CoreGraphics.framework */ = {isa = PBXFileReference; lastKnownFileType = wrapper.framework; name = CoreGraphics.framework; path = System/Library/Frameworks/CoreGraphics.framework; sourceTree = SDKROOT; };
		56290E91279F235800F3AC5F /* CoreMedia.framework */ = {isa = PBXFileReference; lastKnownFileType = wrapper.framework; name = CoreMedia.framework; path = System/Library/Frameworks/CoreMedia.framework; sourceTree = SDKROOT; };
		56290E93279F23A800F3AC5F /* CoreFoundation.framework */ = {isa = PBXFileReference; lastKnownFileType = wrapper.framework; name = CoreFoundation.framework; path = System/Library/Frameworks/CoreFoundation.framework; sourceTree = SDKROOT; };
		56290E95279F23AF00F3AC5F /* Accelerate.framework */ = {isa = PBXFileReference; lastKnownFileType = wrapper.framework; name = Accelerate.framework; path = System/Library/Frameworks/Accelerate.framework; sourceTree = SDKROOT; };
		56290E9B279F786700F3AC5F /* opencv2.framework */ = {isa = PBXFileReference; lastKnownFileType = wrapper.framework; path = opencv2.framework; sourceTree = "<group>"; };
		56290E9D279F7C8200F3AC5F /* Banan-Bridging-Header.h */ = {isa = PBXFileReference; lastKnownFileType = sourcecode.c.h; path = "Banan-Bridging-Header.h"; sourceTree = "<group>"; };
		56290E9E279F7C8200F3AC5F /* OpenCVWrapper.h */ = {isa = PBXFileReference; lastKnownFileType = sourcecode.c.h; path = OpenCVWrapper.h; sourceTree = "<group>"; };
		56290E9F279F7C8200F3AC5F /* OpenCVWrapper.mm */ = {isa = PBXFileReference; lastKnownFileType = sourcecode.cpp.objcpp; path = OpenCVWrapper.mm; sourceTree = "<group>"; };
		56290EA1279F7CD800F3AC5F /* PrefixHeader.pch */ = {isa = PBXFileReference; lastKnownFileType = sourcecode.c.h; path = PrefixHeader.pch; sourceTree = "<group>"; };
		56290EB427A1C09000F3AC5F /* ProcessImageController.swift */ = {isa = PBXFileReference; lastKnownFileType = sourcecode.swift; path = ProcessImageController.swift; sourceTree = "<group>"; };
		56290EB727A1FF5E00F3AC5F /* AVKit.framework */ = {isa = PBXFileReference; lastKnownFileType = wrapper.framework; name = AVKit.framework; path = System/Library/Frameworks/AVKit.framework; sourceTree = SDKROOT; };
		56F856B127DCC39700A8C6A8 /* Letters2ViewController.swift */ = {isa = PBXFileReference; lastKnownFileType = sourcecode.swift; path = Letters2ViewController.swift; sourceTree = "<group>"; };
		56F856B427DD2AE900A8C6A8 /* Extensions.swift */ = {isa = PBXFileReference; lastKnownFileType = sourcecode.swift; path = Extensions.swift; sourceTree = "<group>"; };
		56F856B727DE2B6C00A8C6A8 /* Letters4ViewController.swift */ = {isa = PBXFileReference; lastKnownFileType = sourcecode.swift; path = Letters4ViewController.swift; sourceTree = "<group>"; };
		56F856B927DE38C600A8C6A8 /* Letters3ViewController.swift */ = {isa = PBXFileReference; lastKnownFileType = sourcecode.swift; path = Letters3ViewController.swift; sourceTree = "<group>"; };
		56F91E5E27D6A54200C1E4A9 /* LevelsViewController.swift */ = {isa = PBXFileReference; lastKnownFileType = sourcecode.swift; path = LevelsViewController.swift; sourceTree = "<group>"; };
		71CD8F8527DFE6270049062B /* WordViewController.swift */ = {isa = PBXFileReference; lastKnownFileType = sourcecode.swift; path = WordViewController.swift; sourceTree = "<group>"; };
		71CD8F8727E19E480049062B /* CustomAlertView.xib */ = {isa = PBXFileReference; lastKnownFileType = file.xib; path = CustomAlertView.xib; sourceTree = "<group>"; };
		71CD8F8927E251710049062B /* CustomAlertViewController.swift */ = {isa = PBXFileReference; lastKnownFileType = sourcecode.swift; path = CustomAlertViewController.swift; sourceTree = "<group>"; };
/* End PBXFileReference section */

/* Begin PBXFrameworksBuildPhase section */
		56290D21279E088F00F3AC5F /* Frameworks */ = {
			isa = PBXFrameworksBuildPhase;
			buildActionMask = 2147483647;
			files = (
				4DC0E31427BC136100560589 /* FirebaseDatabase in Frameworks */,
				56290EB827A1FF5E00F3AC5F /* AVKit.framework in Frameworks */,
				4DC0E30A27BC136100560589 /* FirebaseAnalyticsWithoutAdIdSupport in Frameworks */,
				56290E9C279F786700F3AC5F /* opencv2.framework in Frameworks */,
				4DC0E32327CD2D0D00560589 /* FlexibleSteppedProgressBar in Frameworks */,
				4DC0E30627BC136100560589 /* FirebaseAnalytics in Frameworks */,
				4DC0E31627BC136100560589 /* FirebaseFirestore in Frameworks */,
				4DC0E30827BC136100560589 /* FirebaseAnalyticsSwift-Beta in Frameworks */,
				4DC0E31227BC136100560589 /* FirebaseAuthCombine-Community in Frameworks */,
				56290E96279F23AF00F3AC5F /* Accelerate.framework in Frameworks */,
				56290E94279F23A800F3AC5F /* CoreFoundation.framework in Frameworks */,
				56290E92279F235800F3AC5F /* CoreMedia.framework in Frameworks */,
				4DC0E31827BC136100560589 /* FirebaseFirestoreCombine-Community in Frameworks */,
				56290E90279F234A00F3AC5F /* CoreGraphics.framework in Frameworks */,
				4DC0E31E27BC136100560589 /* FirebaseStorage in Frameworks */,
				56290E8E279F231100F3AC5F /* AssetsLibrary.framework in Frameworks */,
				4DC0E31027BC136100560589 /* FirebaseAuth in Frameworks */,
				4DC0E31C27BC136100560589 /* FirebaseFunctionsSwift-Beta in Frameworks */,
				4DC0E31A27BC136100560589 /* FirebaseFirestoreSwift-Beta in Frameworks */,
				4DC0E30C27BC136100560589 /* FirebaseAppCheck in Frameworks */,
				4DC0E30E27BC136100560589 /* FirebaseAppDistribution-Beta in Frameworks */,
			);
			runOnlyForDeploymentPostprocessing = 0;
		};
		56290D37279E089100F3AC5F /* Frameworks */ = {
			isa = PBXFrameworksBuildPhase;
			buildActionMask = 2147483647;
			files = (
			);
			runOnlyForDeploymentPostprocessing = 0;
		};
		56290D41279E089100F3AC5F /* Frameworks */ = {
			isa = PBXFrameworksBuildPhase;
			buildActionMask = 2147483647;
			files = (
			);
			runOnlyForDeploymentPostprocessing = 0;
		};
/* End PBXFrameworksBuildPhase section */

/* Begin PBXGroup section */
		56290D1B279E088F00F3AC5F = {
			isa = PBXGroup;
			children = (
				56290D26279E088F00F3AC5F /* Banan */,
				56290D3D279E089100F3AC5F /* BananTests */,
				56290D47279E089100F3AC5F /* BananUITests */,
				56290D25279E088F00F3AC5F /* Products */,
				56290E8C279F231100F3AC5F /* Frameworks */,
			);
			sourceTree = "<group>";
		};
		56290D25279E088F00F3AC5F /* Products */ = {
			isa = PBXGroup;
			children = (
				56290D24279E088F00F3AC5F /* Banan.app */,
				56290D3A279E089100F3AC5F /* BananTests.xctest */,
				56290D44279E089100F3AC5F /* BananUITests.xctest */,
			);
			name = Products;
			sourceTree = "<group>";
		};
		56290D26279E088F00F3AC5F /* Banan */ = {
			isa = PBXGroup;
			children = (
				56290D27279E088F00F3AC5F /* AppDelegate.swift */,
				56290D29279E088F00F3AC5F /* SceneDelegate.swift */,
				56290D2D279E088F00F3AC5F /* Main.storyboard */,
				56290D30279E089000F3AC5F /* Assets.xcassets */,
				56290D32279E089000F3AC5F /* LaunchScreen.storyboard */,
				71CD8F8727E19E480049062B /* CustomAlertView.xib */,
				56290D35279E089000F3AC5F /* Info.plist */,
				56290E9E279F7C8200F3AC5F /* OpenCVWrapper.h */,
				56290E9F279F7C8200F3AC5F /* OpenCVWrapper.mm */,
				56290E9D279F7C8200F3AC5F /* Banan-Bridging-Header.h */,
				56290EA1279F7CD800F3AC5F /* PrefixHeader.pch */,
				4D51A2BB27B132B900C3F300 /* GoogleService-Info.plist */,
				56290EB627A1C0B100F3AC5F /* Controllers */,
				4DCEDC6C27B386D300026D14 /* StartScreenViewController.swift */,
				4DCEDC6E27B4CFC900026D14 /* SignUp1ViewController.swift */,
				4DCEDC7027B62B0400026D14 /* SignUp2ViewController.swift */,
				4DCEDC7227B6308E00026D14 /* SignUp3ViewController.swift */,
				4DCEDC7427B630AE00026D14 /* SignUp4ViewController.swift */,
				4DC0E31F27BFDBA400560589 /* homepageViewController.swift */,
				4D700E1927CE1C18002B0EC5 /* HomePageViewController.swift */,
			);
			path = Banan;
			sourceTree = "<group>";
		};
		56290D3D279E089100F3AC5F /* BananTests */ = {
			isa = PBXGroup;
			children = (
				56290D3E279E089100F3AC5F /* BananTests.swift */,
			);
			path = BananTests;
			sourceTree = "<group>";
		};
		56290D47279E089100F3AC5F /* BananUITests */ = {
			isa = PBXGroup;
			children = (
				56290D48279E089100F3AC5F /* BananUITests.swift */,
				56290D4A279E089100F3AC5F /* BananUITestsLaunchTests.swift */,
			);
			path = BananUITests;
			sourceTree = "<group>";
		};
		56290E8C279F231100F3AC5F /* Frameworks */ = {
			isa = PBXGroup;
			children = (
				56290EB727A1FF5E00F3AC5F /* AVKit.framework */,
				56290E95279F23AF00F3AC5F /* Accelerate.framework */,
				56290E93279F23A800F3AC5F /* CoreFoundation.framework */,
				56290E91279F235800F3AC5F /* CoreMedia.framework */,
				56290E8F279F234A00F3AC5F /* CoreGraphics.framework */,
				56290E8D279F231100F3AC5F /* AssetsLibrary.framework */,
				56290E9B279F786700F3AC5F /* opencv2.framework */,
			);
			name = Frameworks;
			sourceTree = "<group>";
		};
		56290EB627A1C0B100F3AC5F /* Controllers */ = {
			isa = PBXGroup;
			children = (
				71CD8F8527DFE6270049062B /* WordViewController.swift */,
				56F856B727DE2B6C00A8C6A8 /* Letters4ViewController.swift */,
				56F856B927DE38C600A8C6A8 /* Letters3ViewController.swift */,
				56290D2B279E088F00F3AC5F /* ViewController.swift */,
				56290EB427A1C09000F3AC5F /* ProcessImageController.swift */,
				4D700E1527CE0E43002B0EC5 /* LogInViewController.swift */,
				56F91E5E27D6A54200C1E4A9 /* LevelsViewController.swift */,
				56F856B427DD2AE900A8C6A8 /* Extensions.swift */,
				56F856B127DCC39700A8C6A8 /* Letters2ViewController.swift */,
				71CD8F8927E251710049062B /* CustomAlertViewController.swift */,
			);
			path = Controllers;
			sourceTree = "<group>";
		};
/* End PBXGroup section */

/* Begin PBXNativeTarget section */
		56290D23279E088F00F3AC5F /* Banan */ = {
			isa = PBXNativeTarget;
			buildConfigurationList = 56290D4E279E089100F3AC5F /* Build configuration list for PBXNativeTarget "Banan" */;
			buildPhases = (
				56290D20279E088F00F3AC5F /* Sources */,
				56290D21279E088F00F3AC5F /* Frameworks */,
				56290D22279E088F00F3AC5F /* Resources */,
			);
			buildRules = (
			);
			dependencies = (
			);
			name = Banan;
			packageProductDependencies = (
				4DC0E30527BC136100560589 /* FirebaseAnalytics */,
				4DC0E30727BC136100560589 /* FirebaseAnalyticsSwift-Beta */,
				4DC0E30927BC136100560589 /* FirebaseAnalyticsWithoutAdIdSupport */,
				4DC0E30B27BC136100560589 /* FirebaseAppCheck */,
				4DC0E30D27BC136100560589 /* FirebaseAppDistribution-Beta */,
				4DC0E30F27BC136100560589 /* FirebaseAuth */,
				4DC0E31127BC136100560589 /* FirebaseAuthCombine-Community */,
				4DC0E31327BC136100560589 /* FirebaseDatabase */,
				4DC0E31527BC136100560589 /* FirebaseFirestore */,
				4DC0E31727BC136100560589 /* FirebaseFirestoreCombine-Community */,
				4DC0E31927BC136100560589 /* FirebaseFirestoreSwift-Beta */,
				4DC0E31B27BC136100560589 /* FirebaseFunctionsSwift-Beta */,
				4DC0E31D27BC136100560589 /* FirebaseStorage */,
				4DC0E32227CD2D0D00560589 /* FlexibleSteppedProgressBar */,
			);
			productName = Banan;
			productReference = 56290D24279E088F00F3AC5F /* Banan.app */;
			productType = "com.apple.product-type.application";
		};
		56290D39279E089100F3AC5F /* BananTests */ = {
			isa = PBXNativeTarget;
			buildConfigurationList = 56290D51279E089100F3AC5F /* Build configuration list for PBXNativeTarget "BananTests" */;
			buildPhases = (
				56290D36279E089100F3AC5F /* Sources */,
				56290D37279E089100F3AC5F /* Frameworks */,
				56290D38279E089100F3AC5F /* Resources */,
			);
			buildRules = (
			);
			dependencies = (
				56290D3C279E089100F3AC5F /* PBXTargetDependency */,
			);
			name = BananTests;
			productName = BananTests;
			productReference = 56290D3A279E089100F3AC5F /* BananTests.xctest */;
			productType = "com.apple.product-type.bundle.unit-test";
		};
		56290D43279E089100F3AC5F /* BananUITests */ = {
			isa = PBXNativeTarget;
			buildConfigurationList = 56290D54279E089100F3AC5F /* Build configuration list for PBXNativeTarget "BananUITests" */;
			buildPhases = (
				56290D40279E089100F3AC5F /* Sources */,
				56290D41279E089100F3AC5F /* Frameworks */,
				56290D42279E089100F3AC5F /* Resources */,
			);
			buildRules = (
			);
			dependencies = (
				56290D46279E089100F3AC5F /* PBXTargetDependency */,
			);
			name = BananUITests;
			productName = BananUITests;
			productReference = 56290D44279E089100F3AC5F /* BananUITests.xctest */;
			productType = "com.apple.product-type.bundle.ui-testing";
		};
/* End PBXNativeTarget section */

/* Begin PBXProject section */
		56290D1C279E088F00F3AC5F /* Project object */ = {
			isa = PBXProject;
			attributes = {
				BuildIndependentTargetsInParallel = 1;
				LastSwiftUpdateCheck = 1320;
				LastUpgradeCheck = 1320;
				TargetAttributes = {
					56290D23279E088F00F3AC5F = {
						CreatedOnToolsVersion = 13.2.1;
						LastSwiftMigration = 1320;
					};
					56290D39279E089100F3AC5F = {
						CreatedOnToolsVersion = 13.2.1;
						TestTargetID = 56290D23279E088F00F3AC5F;
					};
					56290D43279E089100F3AC5F = {
						CreatedOnToolsVersion = 13.2.1;
						TestTargetID = 56290D23279E088F00F3AC5F;
					};
				};
			};
			buildConfigurationList = 56290D1F279E088F00F3AC5F /* Build configuration list for PBXProject "Banan" */;
			compatibilityVersion = "Xcode 13.0";
			developmentRegion = en;
			hasScannedForEncodings = 0;
			knownRegions = (
				en,
				Base,
			);
			mainGroup = 56290D1B279E088F00F3AC5F;
			packageReferences = (
				4DC0E30427BC136100560589 /* XCRemoteSwiftPackageReference "firebase-ios-sdk" */,
				4DC0E32127CD2D0C00560589 /* XCRemoteSwiftPackageReference "FlexibleSteppedProgressBar" */,
			);
			productRefGroup = 56290D25279E088F00F3AC5F /* Products */;
			projectDirPath = "";
			projectRoot = "";
			targets = (
				56290D23279E088F00F3AC5F /* Banan */,
				56290D39279E089100F3AC5F /* BananTests */,
				56290D43279E089100F3AC5F /* BananUITests */,
			);
		};
/* End PBXProject section */

/* Begin PBXResourcesBuildPhase section */
		56290D22279E088F00F3AC5F /* Resources */ = {
			isa = PBXResourcesBuildPhase;
			buildActionMask = 2147483647;
			files = (
				71CD8F8827E19E4A0049062B /* CustomAlertView.xib in Resources */,
				56290D34279E089000F3AC5F /* LaunchScreen.storyboard in Resources */,
				4D51A2BC27B132B900C3F300 /* GoogleService-Info.plist in Resources */,
				56290D31279E089000F3AC5F /* Assets.xcassets in Resources */,
				56290D2F279E088F00F3AC5F /* Main.storyboard in Resources */,
			);
			runOnlyForDeploymentPostprocessing = 0;
		};
		56290D38279E089100F3AC5F /* Resources */ = {
			isa = PBXResourcesBuildPhase;
			buildActionMask = 2147483647;
			files = (
			);
			runOnlyForDeploymentPostprocessing = 0;
		};
		56290D42279E089100F3AC5F /* Resources */ = {
			isa = PBXResourcesBuildPhase;
			buildActionMask = 2147483647;
			files = (
			);
			runOnlyForDeploymentPostprocessing = 0;
		};
/* End PBXResourcesBuildPhase section */

/* Begin PBXSourcesBuildPhase section */
		56290D20279E088F00F3AC5F /* Sources */ = {
			isa = PBXSourcesBuildPhase;
			buildActionMask = 2147483647;
			files = (
				4DCEDC6F27B4CFC900026D14 /* SignUp1ViewController.swift in Sources */,
				4DC0E32027BFDBA400560589 /* homepageViewController.swift in Sources */,
				56290D2C279E088F00F3AC5F /* ViewController.swift in Sources */,
				56290D28279E088F00F3AC5F /* AppDelegate.swift in Sources */,
				56290EB527A1C09000F3AC5F /* ProcessImageController.swift in Sources */,
				56F856B827DE2B6E00A8C6A8 /* Letters4ViewController.swift in Sources */,
				4DCEDC6D27B386D300026D14 /* StartScreenViewController.swift in Sources */,
				4DCEDC7527B630AE00026D14 /* SignUp4ViewController.swift in Sources */,
				56F856B227DCC39800A8C6A8 /* Letters2ViewController.swift in Sources */,
				4D700E1A27CE1C18002B0EC5 /* HomePageViewController.swift in Sources */,
				71CD8F8627DFE6270049062B /* WordViewController.swift in Sources */,
				56F856BA27DE38C600A8C6A8 /* Letters3ViewController.swift in Sources */,
				4DCEDC7327B6308E00026D14 /* SignUp3ViewController.swift in Sources */,
				4D700E1627CE0E43002B0EC5 /* LogInViewController.swift in Sources */,
				56F856B527DD2AE900A8C6A8 /* Extensions.swift in Sources */,
				56F91E5F27D6A54300C1E4A9 /* LevelsViewController.swift in Sources */,
				71CD8F8A27E251710049062B /* CustomAlertViewController.swift in Sources */,
				4DCEDC7127B62B0400026D14 /* SignUp2ViewController.swift in Sources */,
				56290EA0279F7C8200F3AC5F /* OpenCVWrapper.mm in Sources */,
				56290D2A279E088F00F3AC5F /* SceneDelegate.swift in Sources */,
			);
			runOnlyForDeploymentPostprocessing = 0;
		};
		56290D36279E089100F3AC5F /* Sources */ = {
			isa = PBXSourcesBuildPhase;
			buildActionMask = 2147483647;
			files = (
				56290D3F279E089100F3AC5F /* BananTests.swift in Sources */,
			);
			runOnlyForDeploymentPostprocessing = 0;
		};
		56290D40279E089100F3AC5F /* Sources */ = {
			isa = PBXSourcesBuildPhase;
			buildActionMask = 2147483647;
			files = (
				56290D49279E089100F3AC5F /* BananUITests.swift in Sources */,
				56290D4B279E089100F3AC5F /* BananUITestsLaunchTests.swift in Sources */,
			);
			runOnlyForDeploymentPostprocessing = 0;
		};
/* End PBXSourcesBuildPhase section */

/* Begin PBXTargetDependency section */
		56290D3C279E089100F3AC5F /* PBXTargetDependency */ = {
			isa = PBXTargetDependency;
			target = 56290D23279E088F00F3AC5F /* Banan */;
			targetProxy = 56290D3B279E089100F3AC5F /* PBXContainerItemProxy */;
		};
		56290D46279E089100F3AC5F /* PBXTargetDependency */ = {
			isa = PBXTargetDependency;
			target = 56290D23279E088F00F3AC5F /* Banan */;
			targetProxy = 56290D45279E089100F3AC5F /* PBXContainerItemProxy */;
		};
/* End PBXTargetDependency section */

/* Begin PBXVariantGroup section */
		56290D2D279E088F00F3AC5F /* Main.storyboard */ = {
			isa = PBXVariantGroup;
			children = (
				56290D2E279E088F00F3AC5F /* Base */,
			);
			name = Main.storyboard;
			sourceTree = "<group>";
		};
		56290D32279E089000F3AC5F /* LaunchScreen.storyboard */ = {
			isa = PBXVariantGroup;
			children = (
				56290D33279E089000F3AC5F /* Base */,
			);
			name = LaunchScreen.storyboard;
			sourceTree = "<group>";
		};
/* End PBXVariantGroup section */

/* Begin XCBuildConfiguration section */
		56290D4C279E089100F3AC5F /* Debug */ = {
			isa = XCBuildConfiguration;
			buildSettings = {
				ALWAYS_SEARCH_USER_PATHS = NO;
				CLANG_ANALYZER_NONNULL = YES;
				CLANG_ANALYZER_NUMBER_OBJECT_CONVERSION = YES_AGGRESSIVE;
				CLANG_CXX_LANGUAGE_STANDARD = "gnu++17";
				CLANG_CXX_LIBRARY = "libc++";
				CLANG_ENABLE_MODULES = YES;
				CLANG_ENABLE_OBJC_ARC = YES;
				CLANG_ENABLE_OBJC_WEAK = YES;
				CLANG_WARN_BLOCK_CAPTURE_AUTORELEASING = YES;
				CLANG_WARN_BOOL_CONVERSION = YES;
				CLANG_WARN_COMMA = YES;
				CLANG_WARN_CONSTANT_CONVERSION = YES;
				CLANG_WARN_DEPRECATED_OBJC_IMPLEMENTATIONS = YES;
				CLANG_WARN_DIRECT_OBJC_ISA_USAGE = YES_ERROR;
				CLANG_WARN_DOCUMENTATION_COMMENTS = YES;
				CLANG_WARN_EMPTY_BODY = YES;
				CLANG_WARN_ENUM_CONVERSION = YES;
				CLANG_WARN_INFINITE_RECURSION = YES;
				CLANG_WARN_INT_CONVERSION = YES;
				CLANG_WARN_NON_LITERAL_NULL_CONVERSION = YES;
				CLANG_WARN_OBJC_IMPLICIT_RETAIN_SELF = YES;
				CLANG_WARN_OBJC_LITERAL_CONVERSION = YES;
				CLANG_WARN_OBJC_ROOT_CLASS = YES_ERROR;
				CLANG_WARN_QUOTED_INCLUDE_IN_FRAMEWORK_HEADER = YES;
				CLANG_WARN_RANGE_LOOP_ANALYSIS = YES;
				CLANG_WARN_STRICT_PROTOTYPES = YES;
				CLANG_WARN_SUSPICIOUS_MOVE = YES;
				CLANG_WARN_UNGUARDED_AVAILABILITY = YES_AGGRESSIVE;
				CLANG_WARN_UNREACHABLE_CODE = YES;
				CLANG_WARN__DUPLICATE_METHOD_MATCH = YES;
				COPY_PHASE_STRIP = NO;
				DEBUG_INFORMATION_FORMAT = dwarf;
				ENABLE_STRICT_OBJC_MSGSEND = YES;
				ENABLE_TESTABILITY = YES;
				GCC_C_LANGUAGE_STANDARD = gnu11;
				GCC_DYNAMIC_NO_PIC = NO;
				GCC_NO_COMMON_BLOCKS = YES;
				GCC_OPTIMIZATION_LEVEL = 0;
				GCC_PREPROCESSOR_DEFINITIONS = (
					"DEBUG=1",
					"$(inherited)",
				);
				GCC_WARN_64_TO_32_BIT_CONVERSION = YES;
				GCC_WARN_ABOUT_RETURN_TYPE = YES_ERROR;
				GCC_WARN_UNDECLARED_SELECTOR = YES;
				GCC_WARN_UNINITIALIZED_AUTOS = YES_AGGRESSIVE;
				GCC_WARN_UNUSED_FUNCTION = YES;
				GCC_WARN_UNUSED_VARIABLE = YES;
				IPHONEOS_DEPLOYMENT_TARGET = 15.2;
				MTL_ENABLE_DEBUG_INFO = INCLUDE_SOURCE;
				MTL_FAST_MATH = YES;
				ONLY_ACTIVE_ARCH = YES;
				SDKROOT = iphoneos;
				SWIFT_ACTIVE_COMPILATION_CONDITIONS = DEBUG;
				SWIFT_OPTIMIZATION_LEVEL = "-Onone";
			};
			name = Debug;
		};
		56290D4D279E089100F3AC5F /* Release */ = {
			isa = XCBuildConfiguration;
			buildSettings = {
				ALWAYS_SEARCH_USER_PATHS = NO;
				CLANG_ANALYZER_NONNULL = YES;
				CLANG_ANALYZER_NUMBER_OBJECT_CONVERSION = YES_AGGRESSIVE;
				CLANG_CXX_LANGUAGE_STANDARD = "gnu++17";
				CLANG_CXX_LIBRARY = "libc++";
				CLANG_ENABLE_MODULES = YES;
				CLANG_ENABLE_OBJC_ARC = YES;
				CLANG_ENABLE_OBJC_WEAK = YES;
				CLANG_WARN_BLOCK_CAPTURE_AUTORELEASING = YES;
				CLANG_WARN_BOOL_CONVERSION = YES;
				CLANG_WARN_COMMA = YES;
				CLANG_WARN_CONSTANT_CONVERSION = YES;
				CLANG_WARN_DEPRECATED_OBJC_IMPLEMENTATIONS = YES;
				CLANG_WARN_DIRECT_OBJC_ISA_USAGE = YES_ERROR;
				CLANG_WARN_DOCUMENTATION_COMMENTS = YES;
				CLANG_WARN_EMPTY_BODY = YES;
				CLANG_WARN_ENUM_CONVERSION = YES;
				CLANG_WARN_INFINITE_RECURSION = YES;
				CLANG_WARN_INT_CONVERSION = YES;
				CLANG_WARN_NON_LITERAL_NULL_CONVERSION = YES;
				CLANG_WARN_OBJC_IMPLICIT_RETAIN_SELF = YES;
				CLANG_WARN_OBJC_LITERAL_CONVERSION = YES;
				CLANG_WARN_OBJC_ROOT_CLASS = YES_ERROR;
				CLANG_WARN_QUOTED_INCLUDE_IN_FRAMEWORK_HEADER = YES;
				CLANG_WARN_RANGE_LOOP_ANALYSIS = YES;
				CLANG_WARN_STRICT_PROTOTYPES = YES;
				CLANG_WARN_SUSPICIOUS_MOVE = YES;
				CLANG_WARN_UNGUARDED_AVAILABILITY = YES_AGGRESSIVE;
				CLANG_WARN_UNREACHABLE_CODE = YES;
				CLANG_WARN__DUPLICATE_METHOD_MATCH = YES;
				COPY_PHASE_STRIP = NO;
				DEBUG_INFORMATION_FORMAT = "dwarf-with-dsym";
				ENABLE_NS_ASSERTIONS = NO;
				ENABLE_STRICT_OBJC_MSGSEND = YES;
				GCC_C_LANGUAGE_STANDARD = gnu11;
				GCC_NO_COMMON_BLOCKS = YES;
				GCC_WARN_64_TO_32_BIT_CONVERSION = YES;
				GCC_WARN_ABOUT_RETURN_TYPE = YES_ERROR;
				GCC_WARN_UNDECLARED_SELECTOR = YES;
				GCC_WARN_UNINITIALIZED_AUTOS = YES_AGGRESSIVE;
				GCC_WARN_UNUSED_FUNCTION = YES;
				GCC_WARN_UNUSED_VARIABLE = YES;
				IPHONEOS_DEPLOYMENT_TARGET = 15.2;
				MTL_ENABLE_DEBUG_INFO = NO;
				MTL_FAST_MATH = YES;
				SDKROOT = iphoneos;
				SWIFT_COMPILATION_MODE = wholemodule;
				SWIFT_OPTIMIZATION_LEVEL = "-O";
				VALIDATE_PRODUCT = YES;
			};
			name = Release;
		};
		56290D4F279E089100F3AC5F /* Debug */ = {
			isa = XCBuildConfiguration;
			buildSettings = {
				ASSETCATALOG_COMPILER_APPICON_NAME = AppIcon;
				ASSETCATALOG_COMPILER_GLOBAL_ACCENT_COLOR_NAME = AccentColor;
				CLANG_ENABLE_MODULES = YES;
				CODE_SIGN_STYLE = Automatic;
				CURRENT_PROJECT_VERSION = 1;
				DEVELOPMENT_TEAM = "";
				FRAMEWORK_SEARCH_PATHS = (
					"$(inherited)",
					"$(PROJECT_DIR)",
				);
				GCC_PREFIX_HEADER = "$(SRCROOT)/Banan/PrefixHeader.pch";
				GENERATE_INFOPLIST_FILE = YES;
				INFOPLIST_FILE = Banan/Info.plist;
				INFOPLIST_KEY_NSCameraUsageDescription = "Banan camera use";
				INFOPLIST_KEY_UIApplicationSupportsIndirectInputEvents = YES;
				INFOPLIST_KEY_UILaunchStoryboardName = LaunchScreen;
				INFOPLIST_KEY_UIMainStoryboardFile = Main;
				INFOPLIST_KEY_UISupportedInterfaceOrientations = UIInterfaceOrientationPortrait;
				INFOPLIST_KEY_UISupportedInterfaceOrientations_iPad = "UIInterfaceOrientationPortrait UIInterfaceOrientationPortraitUpsideDown UIInterfaceOrientationLandscapeLeft UIInterfaceOrientationLandscapeRight";
				INFOPLIST_KEY_UISupportedInterfaceOrientations_iPhone = "UIInterfaceOrientationPortrait UIInterfaceOrientationLandscapeLeft UIInterfaceOrientationLandscapeRight";
				LD_RUNPATH_SEARCH_PATHS = (
					"$(inherited)",
					"@executable_path/Frameworks",
				);
				MARKETING_VERSION = 1.0;
				OTHER_LDFLAGS = "";
				PRODUCT_BUNDLE_IDENTIFIER = com.sara.Bananaa;
				PRODUCT_NAME = "$(TARGET_NAME)";
				SWIFT_EMIT_LOC_STRINGS = YES;
				SWIFT_OBJC_BRIDGING_HEADER = "Banan/Banan-Bridging-Header.h";
				SWIFT_OPTIMIZATION_LEVEL = "-Onone";
				SWIFT_VERSION = 5.0;
				TARGETED_DEVICE_FAMILY = "1,2";
			};
			name = Debug;
		};
		56290D50279E089100F3AC5F /* Release */ = {
			isa = XCBuildConfiguration;
			buildSettings = {
				ASSETCATALOG_COMPILER_APPICON_NAME = AppIcon;
				ASSETCATALOG_COMPILER_GLOBAL_ACCENT_COLOR_NAME = AccentColor;
				CLANG_ENABLE_MODULES = YES;
				CODE_SIGN_STYLE = Automatic;
				CURRENT_PROJECT_VERSION = 1;
				DEVELOPMENT_TEAM = "";
				FRAMEWORK_SEARCH_PATHS = (
					"$(inherited)",
					"$(PROJECT_DIR)",
				);
				GCC_PREFIX_HEADER = "$(SRCROOT)/Banan/PrefixHeader.pch";
				GENERATE_INFOPLIST_FILE = YES;
				INFOPLIST_FILE = Banan/Info.plist;
				INFOPLIST_KEY_NSCameraUsageDescription = "Banan camera use";
				INFOPLIST_KEY_UIApplicationSupportsIndirectInputEvents = YES;
				INFOPLIST_KEY_UILaunchStoryboardName = LaunchScreen;
				INFOPLIST_KEY_UIMainStoryboardFile = Main;
				INFOPLIST_KEY_UISupportedInterfaceOrientations = UIInterfaceOrientationPortrait;
				INFOPLIST_KEY_UISupportedInterfaceOrientations_iPad = "UIInterfaceOrientationPortrait UIInterfaceOrientationPortraitUpsideDown UIInterfaceOrientationLandscapeLeft UIInterfaceOrientationLandscapeRight";
				INFOPLIST_KEY_UISupportedInterfaceOrientations_iPhone = "UIInterfaceOrientationPortrait UIInterfaceOrientationLandscapeLeft UIInterfaceOrientationLandscapeRight";
				LD_RUNPATH_SEARCH_PATHS = (
					"$(inherited)",
					"@executable_path/Frameworks",
				);
				MARKETING_VERSION = 1.0;
				PRODUCT_BUNDLE_IDENTIFIER = com.sara.Bananaa;
				PRODUCT_NAME = "$(TARGET_NAME)";
				SWIFT_EMIT_LOC_STRINGS = YES;
				SWIFT_OBJC_BRIDGING_HEADER = "Banan/Banan-Bridging-Header.h";
				SWIFT_VERSION = 5.0;
				TARGETED_DEVICE_FAMILY = "1,2";
			};
			name = Release;
		};
		56290D52279E089100F3AC5F /* Debug */ = {
			isa = XCBuildConfiguration;
			buildSettings = {
				ALWAYS_EMBED_SWIFT_STANDARD_LIBRARIES = YES;
				BUNDLE_LOADER = "$(TEST_HOST)";
				CODE_SIGN_STYLE = Automatic;
				CURRENT_PROJECT_VERSION = 1;
				GENERATE_INFOPLIST_FILE = YES;
				IPHONEOS_DEPLOYMENT_TARGET = 15.2;
				MARKETING_VERSION = 1.0;
				PRODUCT_BUNDLE_IDENTIFIER = com.banan.BananTests;
				PRODUCT_NAME = "$(TARGET_NAME)";
				SWIFT_EMIT_LOC_STRINGS = NO;
				SWIFT_VERSION = 5.0;
				TARGETED_DEVICE_FAMILY = "1,2";
				TEST_HOST = "$(BUILT_PRODUCTS_DIR)/Banan.app/Banan";
			};
			name = Debug;
		};
		56290D53279E089100F3AC5F /* Release */ = {
			isa = XCBuildConfiguration;
			buildSettings = {
				ALWAYS_EMBED_SWIFT_STANDARD_LIBRARIES = YES;
				BUNDLE_LOADER = "$(TEST_HOST)";
				CODE_SIGN_STYLE = Automatic;
				CURRENT_PROJECT_VERSION = 1;
				GENERATE_INFOPLIST_FILE = YES;
				IPHONEOS_DEPLOYMENT_TARGET = 15.2;
				MARKETING_VERSION = 1.0;
				PRODUCT_BUNDLE_IDENTIFIER = com.banan.BananTests;
				PRODUCT_NAME = "$(TARGET_NAME)";
				SWIFT_EMIT_LOC_STRINGS = NO;
				SWIFT_VERSION = 5.0;
				TARGETED_DEVICE_FAMILY = "1,2";
				TEST_HOST = "$(BUILT_PRODUCTS_DIR)/Banan.app/Banan";
			};
			name = Release;
		};
		56290D55279E089100F3AC5F /* Debug */ = {
			isa = XCBuildConfiguration;
			buildSettings = {
				ALWAYS_EMBED_SWIFT_STANDARD_LIBRARIES = YES;
				CODE_SIGN_STYLE = Automatic;
				CURRENT_PROJECT_VERSION = 1;
				GENERATE_INFOPLIST_FILE = YES;
				MARKETING_VERSION = 1.0;
				PRODUCT_BUNDLE_IDENTIFIER = com.banan.BananUITests;
				PRODUCT_NAME = "$(TARGET_NAME)";
				SWIFT_EMIT_LOC_STRINGS = NO;
				SWIFT_VERSION = 5.0;
				TARGETED_DEVICE_FAMILY = "1,2";
				TEST_TARGET_NAME = Banan;
			};
			name = Debug;
		};
		56290D56279E089100F3AC5F /* Release */ = {
			isa = XCBuildConfiguration;
			buildSettings = {
				ALWAYS_EMBED_SWIFT_STANDARD_LIBRARIES = YES;
				CODE_SIGN_STYLE = Automatic;
				CURRENT_PROJECT_VERSION = 1;
				GENERATE_INFOPLIST_FILE = YES;
				MARKETING_VERSION = 1.0;
				PRODUCT_BUNDLE_IDENTIFIER = com.banan.BananUITests;
				PRODUCT_NAME = "$(TARGET_NAME)";
				SWIFT_EMIT_LOC_STRINGS = NO;
				SWIFT_VERSION = 5.0;
				TARGETED_DEVICE_FAMILY = "1,2";
				TEST_TARGET_NAME = Banan;
			};
			name = Release;
		};
/* End XCBuildConfiguration section */

/* Begin XCConfigurationList section */
		56290D1F279E088F00F3AC5F /* Build configuration list for PBXProject "Banan" */ = {
			isa = XCConfigurationList;
			buildConfigurations = (
				56290D4C279E089100F3AC5F /* Debug */,
				56290D4D279E089100F3AC5F /* Release */,
			);
			defaultConfigurationIsVisible = 0;
			defaultConfigurationName = Release;
		};
		56290D4E279E089100F3AC5F /* Build configuration list for PBXNativeTarget "Banan" */ = {
			isa = XCConfigurationList;
			buildConfigurations = (
				56290D4F279E089100F3AC5F /* Debug */,
				56290D50279E089100F3AC5F /* Release */,
			);
			defaultConfigurationIsVisible = 0;
			defaultConfigurationName = Release;
		};
		56290D51279E089100F3AC5F /* Build configuration list for PBXNativeTarget "BananTests" */ = {
			isa = XCConfigurationList;
			buildConfigurations = (
				56290D52279E089100F3AC5F /* Debug */,
				56290D53279E089100F3AC5F /* Release */,
			);
			defaultConfigurationIsVisible = 0;
			defaultConfigurationName = Release;
		};
		56290D54279E089100F3AC5F /* Build configuration list for PBXNativeTarget "BananUITests" */ = {
			isa = XCConfigurationList;
			buildConfigurations = (
				56290D55279E089100F3AC5F /* Debug */,
				56290D56279E089100F3AC5F /* Release */,
			);
			defaultConfigurationIsVisible = 0;
			defaultConfigurationName = Release;
		};
/* End XCConfigurationList section */

/* Begin XCRemoteSwiftPackageReference section */
		4DC0E30427BC136100560589 /* XCRemoteSwiftPackageReference "firebase-ios-sdk" */ = {
			isa = XCRemoteSwiftPackageReference;
			repositoryURL = "https://github.com/firebase/firebase-ios-sdk";
			requirement = {
				branch = master;
				kind = branch;
			};
		};
		4DC0E32127CD2D0C00560589 /* XCRemoteSwiftPackageReference "FlexibleSteppedProgressBar" */ = {
			isa = XCRemoteSwiftPackageReference;
			repositoryURL = "https://github.com/amratab/FlexibleSteppedProgressBar.git";
			requirement = {
				kind = upToNextMajorVersion;
				minimumVersion = 0.7.2;
			};
		};
/* End XCRemoteSwiftPackageReference section */

/* Begin XCSwiftPackageProductDependency section */
		4DC0E30527BC136100560589 /* FirebaseAnalytics */ = {
			isa = XCSwiftPackageProductDependency;
			package = 4DC0E30427BC136100560589 /* XCRemoteSwiftPackageReference "firebase-ios-sdk" */;
			productName = FirebaseAnalytics;
		};
		4DC0E30727BC136100560589 /* FirebaseAnalyticsSwift-Beta */ = {
			isa = XCSwiftPackageProductDependency;
			package = 4DC0E30427BC136100560589 /* XCRemoteSwiftPackageReference "firebase-ios-sdk" */;
			productName = "FirebaseAnalyticsSwift-Beta";
		};
		4DC0E30927BC136100560589 /* FirebaseAnalyticsWithoutAdIdSupport */ = {
			isa = XCSwiftPackageProductDependency;
			package = 4DC0E30427BC136100560589 /* XCRemoteSwiftPackageReference "firebase-ios-sdk" */;
			productName = FirebaseAnalyticsWithoutAdIdSupport;
		};
		4DC0E30B27BC136100560589 /* FirebaseAppCheck */ = {
			isa = XCSwiftPackageProductDependency;
			package = 4DC0E30427BC136100560589 /* XCRemoteSwiftPackageReference "firebase-ios-sdk" */;
			productName = FirebaseAppCheck;
		};
		4DC0E30D27BC136100560589 /* FirebaseAppDistribution-Beta */ = {
			isa = XCSwiftPackageProductDependency;
			package = 4DC0E30427BC136100560589 /* XCRemoteSwiftPackageReference "firebase-ios-sdk" */;
			productName = "FirebaseAppDistribution-Beta";
		};
		4DC0E30F27BC136100560589 /* FirebaseAuth */ = {
			isa = XCSwiftPackageProductDependency;
			package = 4DC0E30427BC136100560589 /* XCRemoteSwiftPackageReference "firebase-ios-sdk" */;
			productName = FirebaseAuth;
		};
		4DC0E31127BC136100560589 /* FirebaseAuthCombine-Community */ = {
			isa = XCSwiftPackageProductDependency;
			package = 4DC0E30427BC136100560589 /* XCRemoteSwiftPackageReference "firebase-ios-sdk" */;
			productName = "FirebaseAuthCombine-Community";
		};
		4DC0E31327BC136100560589 /* FirebaseDatabase */ = {
			isa = XCSwiftPackageProductDependency;
			package = 4DC0E30427BC136100560589 /* XCRemoteSwiftPackageReference "firebase-ios-sdk" */;
			productName = FirebaseDatabase;
		};
		4DC0E31527BC136100560589 /* FirebaseFirestore */ = {
			isa = XCSwiftPackageProductDependency;
			package = 4DC0E30427BC136100560589 /* XCRemoteSwiftPackageReference "firebase-ios-sdk" */;
			productName = FirebaseFirestore;
		};
		4DC0E31727BC136100560589 /* FirebaseFirestoreCombine-Community */ = {
			isa = XCSwiftPackageProductDependency;
			package = 4DC0E30427BC136100560589 /* XCRemoteSwiftPackageReference "firebase-ios-sdk" */;
			productName = "FirebaseFirestoreCombine-Community";
		};
		4DC0E31927BC136100560589 /* FirebaseFirestoreSwift-Beta */ = {
			isa = XCSwiftPackageProductDependency;
			package = 4DC0E30427BC136100560589 /* XCRemoteSwiftPackageReference "firebase-ios-sdk" */;
			productName = "FirebaseFirestoreSwift-Beta";
		};
		4DC0E31B27BC136100560589 /* FirebaseFunctionsSwift-Beta */ = {
			isa = XCSwiftPackageProductDependency;
			package = 4DC0E30427BC136100560589 /* XCRemoteSwiftPackageReference "firebase-ios-sdk" */;
			productName = "FirebaseFunctionsSwift-Beta";
		};
		4DC0E31D27BC136100560589 /* FirebaseStorage */ = {
			isa = XCSwiftPackageProductDependency;
			package = 4DC0E30427BC136100560589 /* XCRemoteSwiftPackageReference "firebase-ios-sdk" */;
			productName = FirebaseStorage;
		};
		4DC0E32227CD2D0D00560589 /* FlexibleSteppedProgressBar */ = {
			isa = XCSwiftPackageProductDependency;
			package = 4DC0E32127CD2D0C00560589 /* XCRemoteSwiftPackageReference "FlexibleSteppedProgressBar" */;
			productName = FlexibleSteppedProgressBar;
		};
/* End XCSwiftPackageProductDependency section */
	};
	rootObject = 56290D1C279E088F00F3AC5F /* Project object */;
}
